
Microsoft Visual Studio Solution File, Format Version 12.00
# Visual Studio Version 18
VisualStudioVersion = 18.1.11312.151 d18.0
MinimumVisualStudioVersion = 10.0.40219.1
Project("{FAE04EC0-301F-11D3-BF4B-00C04F79EFBC}") = "EHS.Application", "EHS.Application\EHS.Application.csproj", "{3BAA7D5C-AD7F-2AAD-529F-F17E51F1E0DE}"
EndProject
Project("{FAE04EC0-301F-11D3-BF4B-00C04F79EFBC}") = "EHS.API", "EHS.API\EHS.API.csproj", "{CAEB4353-2C80-A80F-DA7D-E37950A841F2}"
EndProject
Project("{FAE04EC0-301F-11D3-BF4B-00C04F79EFBC}") = "EHS.Domain", "EHS.Domain\EHS.Domain.csproj", "{1E72BA3F-23ED-6087-D70B-E7D0528D90F2}"
EndProject
Project("{FAE04EC0-301F-11D3-BF4B-00C04F79EFBC}") = "EHS.Infrastructure", "EHS.Infrastructure\EHS.Infrastructure.csproj", "{C070B0DA-8DD3-33F7-A32C-135B0856E019}"
EndProject
Global
	GlobalSection(SolutionConfigurationPlatforms) = preSolution
		Debug|Any CPU = Debug|Any CPU
		Release|Any CPU = Release|Any CPU
	EndGlobalSection
	GlobalSection(ProjectConfigurationPlatforms) = postSolution
		{3BAA7D5C-AD7F-2AAD-529F-F17E51F1E0DE}.Debug|Any CPU.ActiveCfg = Debug|Any CPU
		{3BAA7D5C-AD7F-2AAD-529F-F17E51F1E0DE}.Debug|Any CPU.Build.0 = Debug|Any CPU
		{3BAA7D5C-AD7F-2AAD-529F-F17E51F1E0DE}.Release|Any CPU.ActiveCfg = Release|Any CPU
		{3BAA7D5C-AD7F-2AAD-529F-F17E51F1E0DE}.Release|Any CPU.Build.0 = Release|Any CPU
		{CAEB4353-2C80-A80F-DA7D-E37950A841F2}.Debug|Any CPU.ActiveCfg = Debug|Any CPU
		{CAEB4353-2C80-A80F-DA7D-E37950A841F2}.Debug|Any CPU.Build.0 = Debug|Any CPU
		{CAEB4353-2C80-A80F-DA7D-E37950A841F2}.Release|Any CPU.ActiveCfg = Release|Any CPU
		{CAEB4353-2C80-A80F-DA7D-E37950A841F2}.Release|Any CPU.Build.0 = Release|Any CPU
		{1E72BA3F-23ED-6087-D70B-E7D0528D90F2}.Debug|Any CPU.ActiveCfg = Debug|Any CPU
		{1E72BA3F-23ED-6087-D70B-E7D0528D90F2}.Debug|Any CPU.Build.0 = Debug|Any CPU
		{1E72BA3F-23ED-6087-D70B-E7D0528D90F2}.Release|Any CPU.ActiveCfg = Release|Any CPU
		{1E72BA3F-23ED-6087-D70B-E7D0528D90F2}.Release|Any CPU.Build.0 = Release|Any CPU
		{C070B0DA-8DD3-33F7-A32C-135B0856E019}.Debug|Any CPU.ActiveCfg = Debug|Any CPU
		{C070B0DA-8DD3-33F7-A32C-135B0856E019}.Debug|Any CPU.Build.0 = Debug|Any CPU
		{C070B0DA-8DD3-33F7-A32C-135B0856E019}.Release|Any CPU.ActiveCfg = Release|Any CPU
		{C070B0DA-8DD3-33F7-A32C-135B0856E019}.Release|Any CPU.Build.0 = Release|Any CPU
	EndGlobalSection
	GlobalSection(SolutionProperties) = preSolution
		HideSolutionNode = FALSE
	EndGlobalSection
EndGlobal
